
Microsoft Visual Studio Solution File, Format Version 12.00
# Visual Studio Version 17
VisualStudioVersion = 17.14.36202.13 d17.14
MinimumVisualStudioVersion = 10.0.40219.1
Project("{FAE04EC0-301F-11D3-BF4B-00C04F79EFBC}") = "WinFormsThreadSafeDemo", "WinFormsThreadSafeDemo\WinFormsThreadSafeDemo.csproj", "{CE360EBD-7C3D-4F30-B327-CDBFE1D0E07E}"
EndProject
Global
	GlobalSection(SolutionConfigurationPlatforms) = preSolution
		Debug|Any CPU = Debug|Any CPU
		Release|Any CPU = Release|Any CPU
	EndGlobalSection
	GlobalSection(ProjectConfigurationPlatforms) = postSolution
		{CE360EBD-7C3D-4F30-B327-CDBFE1D0E07E}.Debug|Any CPU.ActiveCfg = Debug|Any CPU
		{CE360EBD-7C3D-4F30-B327-CDBFE1D0E07E}.Debug|Any CPU.Build.0 = Debug|Any CPU
		{CE360EBD-7C3D-4F30-B327-CDBFE1D0E07E}.Release|Any CPU.ActiveCfg = Release|Any CPU
		{CE360EBD-7C3D-4F30-B327-CDBFE1D0E07E}.Release|Any CPU.Build.0 = Release|Any CPU
	EndGlobalSection
	GlobalSection(SolutionProperties) = preSolution
		HideSolutionNode = FALSE
	EndGlobalSection
	GlobalSection(ExtensibilityGlobals) = postSolution
		SolutionGuid = {1239AFC7-ED99-4426-808E-F3C75AA84310}
	EndGlobalSection
EndGlobal
